
Microsoft Visual Studio Solution File, Format Version 12.00
Project("{FAE04EC0-301F-11D3-BF4B-00C04F79EFBC}") = "Outbreaking_game", "Outbreaking_game\Outbreaking_game.csproj", "{447ED94E-5CBC-4AC2-91C7-5361330D7CAF}"
EndProject
Global
	GlobalSection(SolutionConfigurationPlatforms) = preSolution
		Debug|Any CPU = Debug|Any CPU
		Release|Any CPU = Release|Any CPU
	EndGlobalSection
	GlobalSection(ProjectConfigurationPlatforms) = postSolution
		{447ED94E-5CBC-4AC2-91C7-5361330D7CAF}.Debug|Any CPU.ActiveCfg = Debug|Any CPU
		{447ED94E-5CBC-4AC2-91C7-5361330D7CAF}.Debug|Any CPU.Build.0 = Debug|Any CPU
		{447ED94E-5CBC-4AC2-91C7-5361330D7CAF}.Release|Any CPU.ActiveCfg = Release|Any CPU
		{447ED94E-5CBC-4AC2-91C7-5361330D7CAF}.Release|Any CPU.Build.0 = Release|Any CPU
	EndGlobalSection
EndGlobal
